{
  "name": "3erparcialadc",
  "version": "1.0.0",
  "lockfileVersion": 1,
  "requires": true,
  "dependencies": {
    "matrix-js": {
      "version": "1.4.0",
      "resolved": "https://registry.npmjs.org/matrix-js/-/matrix-js-1.4.0.tgz",
      "integrity": "sha512-PAk8Ve1RVAcyCLz99eNJBdY58eg1HNM84dRNXYDim+8ywxIuULXfneiafO3Pm9HPo3Ktm5BCXgwOytfAihTrcQ=="
    }
  }
}
